
Microsoft Visual Studio Solution File, Format Version 12.00
# Visual Studio Version 17
VisualStudioVersion = 17.9.34728.123
MinimumVisualStudioVersion = 10.0.40219.1
Project("{9A19103F-16F7-4668-BE54-9A1E7A4F7556}") = "TeknikOblOpgServer", "TeknikOblOpgServer\TeknikOblOpgServer.csproj", "{8ED64FAE-F60E-4239-B60B-EE9643771586}"
EndProject
Project("{888888A0-9F3D-457C-B088-3A5042F75D52}") = "TeknikOblOpgKlient", "TeknikOblOpgKlient\TeknikOblOpgKlient.pyproj", "{FAE88923-F823-48C0-A170-D6160E56788A}"
EndProject
Global
	GlobalSection(SolutionConfigurationPlatforms) = preSolution
		Debug|Any CPU = Debug|Any CPU
		Release|Any CPU = Release|Any CPU
	EndGlobalSection
	GlobalSection(ProjectConfigurationPlatforms) = postSolution
		{8ED64FAE-F60E-4239-B60B-EE9643771586}.Debug|Any CPU.ActiveCfg = Debug|Any CPU
		{8ED64FAE-F60E-4239-B60B-EE9643771586}.Debug|Any CPU.Build.0 = Debug|Any CPU
		{8ED64FAE-F60E-4239-B60B-EE9643771586}.Release|Any CPU.ActiveCfg = Release|Any CPU
		{8ED64FAE-F60E-4239-B60B-EE9643771586}.Release|Any CPU.Build.0 = Release|Any CPU
		{FAE88923-F823-48C0-A170-D6160E56788A}.Debug|Any CPU.ActiveCfg = Debug|Any CPU
		{FAE88923-F823-48C0-A170-D6160E56788A}.Release|Any CPU.ActiveCfg = Release|Any CPU
	EndGlobalSection
	GlobalSection(SolutionProperties) = preSolution
		HideSolutionNode = FALSE
	EndGlobalSection
EndGlobal
